
Microsoft Visual Studio Solution File, Format Version 12.00
# Visual Studio 15
VisualStudioVersion = 15.0.28010.2016
MinimumVisualStudioVersion = 10.0.40219.1
Project("{FAE04EC0-301F-11D3-BF4B-00C04F79EFBC}") = "Personkartotek.Application", "Personkartotek\Personkartotek.Application.csproj", "{58F52347-4948-4189-8805-D83087317C99}"
EndProject
Project("{FAE04EC0-301F-11D3-BF4B-00C04F79EFBC}") = "Personkartotek.System", "Personkartotek.System\Personkartotek.System.csproj", "{B4EEC27C-B846-490D-BA18-979FDEA1B910}"
EndProject
Project("{FAE04EC0-301F-11D3-BF4B-00C04F79EFBC}") = "Personkartotek.Infrastructure", "Personkartotek.Infrastructure\Personkartotek.Infrastructure.csproj", "{9A7BA52B-7E77-415C-B1BB-BE9B2D07BDDB}"
EndProject
Project("{00D1A9C2-B5F0-4AF3-8072-F6C62B433612}") = "Personkartotek.DB", "Personkartotek.DB\Personkartotek.DB.sqlproj", "{6EEF2505-43D8-4378-A775-3CCA4DF9742B}"
EndProject
Global
	GlobalSection(SolutionConfigurationPlatforms) = preSolution
		Debug|Any CPU = Debug|Any CPU
		Release|Any CPU = Release|Any CPU
	EndGlobalSection
	GlobalSection(ProjectConfigurationPlatforms) = postSolution
		{58F52347-4948-4189-8805-D83087317C99}.Debug|Any CPU.ActiveCfg = Debug|Any CPU
		{58F52347-4948-4189-8805-D83087317C99}.Debug|Any CPU.Build.0 = Debug|Any CPU
		{58F52347-4948-4189-8805-D83087317C99}.Release|Any CPU.ActiveCfg = Release|Any CPU
		{58F52347-4948-4189-8805-D83087317C99}.Release|Any CPU.Build.0 = Release|Any CPU
		{B4EEC27C-B846-490D-BA18-979FDEA1B910}.Debug|Any CPU.ActiveCfg = Debug|Any CPU
		{B4EEC27C-B846-490D-BA18-979FDEA1B910}.Debug|Any CPU.Build.0 = Debug|Any CPU
		{B4EEC27C-B846-490D-BA18-979FDEA1B910}.Release|Any CPU.ActiveCfg = Release|Any CPU
		{B4EEC27C-B846-490D-BA18-979FDEA1B910}.Release|Any CPU.Build.0 = Release|Any CPU
		{9A7BA52B-7E77-415C-B1BB-BE9B2D07BDDB}.Debug|Any CPU.ActiveCfg = Debug|Any CPU
		{9A7BA52B-7E77-415C-B1BB-BE9B2D07BDDB}.Debug|Any CPU.Build.0 = Debug|Any CPU
		{9A7BA52B-7E77-415C-B1BB-BE9B2D07BDDB}.Release|Any CPU.ActiveCfg = Release|Any CPU
		{9A7BA52B-7E77-415C-B1BB-BE9B2D07BDDB}.Release|Any CPU.Build.0 = Release|Any CPU
		{6EEF2505-43D8-4378-A775-3CCA4DF9742B}.Debug|Any CPU.ActiveCfg = Debug|Any CPU
		{6EEF2505-43D8-4378-A775-3CCA4DF9742B}.Debug|Any CPU.Build.0 = Debug|Any CPU
		{6EEF2505-43D8-4378-A775-3CCA4DF9742B}.Debug|Any CPU.Deploy.0 = Debug|Any CPU
		{6EEF2505-43D8-4378-A775-3CCA4DF9742B}.Release|Any CPU.ActiveCfg = Release|Any CPU
		{6EEF2505-43D8-4378-A775-3CCA4DF9742B}.Release|Any CPU.Build.0 = Release|Any CPU
		{6EEF2505-43D8-4378-A775-3CCA4DF9742B}.Release|Any CPU.Deploy.0 = Release|Any CPU
	EndGlobalSection
	GlobalSection(SolutionProperties) = preSolution
		HideSolutionNode = FALSE
	EndGlobalSection
	GlobalSection(ExtensibilityGlobals) = postSolution
		SolutionGuid = {EC61AECD-2CAE-4EDC-832D-BCC0ECFC72CF}
	EndGlobalSection
EndGlobal
