
Microsoft Visual Studio Solution File, Format Version 12.00
# Visual Studio 15
VisualStudioVersion = 15.0.28010.2016
MinimumVisualStudioVersion = 10.0.40219.1
Project("{FAE04EC0-301F-11D3-BF4B-00C04F79EFBC}") = "BookService", "BookService\BookService.csproj", "{F906DB3C-E4D7-4766-9AE0-B066C79DA20B}"
EndProject
Global
	GlobalSection(SolutionConfigurationPlatforms) = preSolution
		Debug|Any CPU = Debug|Any CPU
		Release|Any CPU = Release|Any CPU
	EndGlobalSection
	GlobalSection(ProjectConfigurationPlatforms) = postSolution
		{F906DB3C-E4D7-4766-9AE0-B066C79DA20B}.Debug|Any CPU.ActiveCfg = Debug|Any CPU
		{F906DB3C-E4D7-4766-9AE0-B066C79DA20B}.Debug|Any CPU.Build.0 = Debug|Any CPU
		{F906DB3C-E4D7-4766-9AE0-B066C79DA20B}.Release|Any CPU.ActiveCfg = Release|Any CPU
		{F906DB3C-E4D7-4766-9AE0-B066C79DA20B}.Release|Any CPU.Build.0 = Release|Any CPU
	EndGlobalSection
	GlobalSection(SolutionProperties) = preSolution
		HideSolutionNode = FALSE
	EndGlobalSection
	GlobalSection(ExtensibilityGlobals) = postSolution
		SolutionGuid = {DC13C8AC-5A1A-4FBF-BF31-1666FC73539F}
	EndGlobalSection
EndGlobal
