
Microsoft Visual Studio Solution File, Format Version 12.00
# Visual Studio 15
VisualStudioVersion = 15.0.28010.2016
MinimumVisualStudioVersion = 10.0.40219.1
Project("{FAE04EC0-301F-11D3-BF4B-00C04F79EFBC}") = "ProducerInfo", "ProducerInfo\ProducerInfo.csproj", "{0A8D1474-98AD-43C2-9E20-6CDA8421F5A7}"
EndProject
Global
	GlobalSection(SolutionConfigurationPlatforms) = preSolution
		Debug|Any CPU = Debug|Any CPU
		Release|Any CPU = Release|Any CPU
	EndGlobalSection
	GlobalSection(ProjectConfigurationPlatforms) = postSolution
		{0A8D1474-98AD-43C2-9E20-6CDA8421F5A7}.Debug|Any CPU.ActiveCfg = Debug|Any CPU
		{0A8D1474-98AD-43C2-9E20-6CDA8421F5A7}.Debug|Any CPU.Build.0 = Debug|Any CPU
		{0A8D1474-98AD-43C2-9E20-6CDA8421F5A7}.Release|Any CPU.ActiveCfg = Release|Any CPU
		{0A8D1474-98AD-43C2-9E20-6CDA8421F5A7}.Release|Any CPU.Build.0 = Release|Any CPU
	EndGlobalSection
	GlobalSection(SolutionProperties) = preSolution
		HideSolutionNode = FALSE
	EndGlobalSection
	GlobalSection(ExtensibilityGlobals) = postSolution
		SolutionGuid = {59698F94-E1E2-44E7-BEDD-DB893D16688A}
	EndGlobalSection
EndGlobal
